
Microsoft Visual Studio Solution File, Format Version 12.00
# Visual Studio Version 16
VisualStudioVersion = 16.0.29806.167
MinimumVisualStudioVersion = 10.0.40219.1
Project("{8BC9CEB8-8B4A-11D0-8D11-00A0C91BC942}") = "CppLox", "CppLox\CppLox.vcxproj", "{D75E3008-4423-4217-87F9-5C5AB1747590}"
EndProject
Project("{FAE04EC0-301F-11D3-BF4B-00C04F79EFBC}") = "Cslox", "Cslox\Cslox.csproj", "{3B7A646F-E40F-4DED-9EE4-AA1E9BE74B45}"
EndProject
Project("{FAE04EC0-301F-11D3-BF4B-00C04F79EFBC}") = "AstGenerator", "AstGenerator\AstGenerator.csproj", "{4B012E10-2136-4EB6-B821-073801E1FA29}"
EndProject
Global
	GlobalSection(SolutionConfigurationPlatforms) = preSolution
		Debug|x64 = Debug|x64
		Debug|x86 = Debug|x86
		Release|x64 = Release|x64
		Release|x86 = Release|x86
	EndGlobalSection
	GlobalSection(ProjectConfigurationPlatforms) = postSolution
		{D75E3008-4423-4217-87F9-5C5AB1747590}.Debug|x64.ActiveCfg = Debug|x64
		{D75E3008-4423-4217-87F9-5C5AB1747590}.Debug|x64.Build.0 = Debug|x64
		{D75E3008-4423-4217-87F9-5C5AB1747590}.Debug|x86.ActiveCfg = Debug|Win32
		{D75E3008-4423-4217-87F9-5C5AB1747590}.Debug|x86.Build.0 = Debug|Win32
		{D75E3008-4423-4217-87F9-5C5AB1747590}.Release|x64.ActiveCfg = Release|x64
		{D75E3008-4423-4217-87F9-5C5AB1747590}.Release|x64.Build.0 = Release|x64
		{D75E3008-4423-4217-87F9-5C5AB1747590}.Release|x86.ActiveCfg = Release|Win32
		{D75E3008-4423-4217-87F9-5C5AB1747590}.Release|x86.Build.0 = Release|Win32
		{3B7A646F-E40F-4DED-9EE4-AA1E9BE74B45}.Debug|x64.ActiveCfg = Debug|Any CPU
		{3B7A646F-E40F-4DED-9EE4-AA1E9BE74B45}.Debug|x64.Build.0 = Debug|Any CPU
		{3B7A646F-E40F-4DED-9EE4-AA1E9BE74B45}.Debug|x86.ActiveCfg = Debug|Any CPU
		{3B7A646F-E40F-4DED-9EE4-AA1E9BE74B45}.Debug|x86.Build.0 = Debug|Any CPU
		{3B7A646F-E40F-4DED-9EE4-AA1E9BE74B45}.Release|x64.ActiveCfg = Release|Any CPU
		{3B7A646F-E40F-4DED-9EE4-AA1E9BE74B45}.Release|x64.Build.0 = Release|Any CPU
		{3B7A646F-E40F-4DED-9EE4-AA1E9BE74B45}.Release|x86.ActiveCfg = Release|Any CPU
		{3B7A646F-E40F-4DED-9EE4-AA1E9BE74B45}.Release|x86.Build.0 = Release|Any CPU
		{4B012E10-2136-4EB6-B821-073801E1FA29}.Debug|x64.ActiveCfg = Debug|Any CPU
		{4B012E10-2136-4EB6-B821-073801E1FA29}.Debug|x64.Build.0 = Debug|Any CPU
		{4B012E10-2136-4EB6-B821-073801E1FA29}.Debug|x86.ActiveCfg = Debug|Any CPU
		{4B012E10-2136-4EB6-B821-073801E1FA29}.Debug|x86.Build.0 = Debug|Any CPU
		{4B012E10-2136-4EB6-B821-073801E1FA29}.Release|x64.ActiveCfg = Release|Any CPU
		{4B012E10-2136-4EB6-B821-073801E1FA29}.Release|x64.Build.0 = Release|Any CPU
		{4B012E10-2136-4EB6-B821-073801E1FA29}.Release|x86.ActiveCfg = Release|Any CPU
		{4B012E10-2136-4EB6-B821-073801E1FA29}.Release|x86.Build.0 = Release|Any CPU
	EndGlobalSection
	GlobalSection(SolutionProperties) = preSolution
		HideSolutionNode = FALSE
	EndGlobalSection
	GlobalSection(ExtensibilityGlobals) = postSolution
		SolutionGuid = {E8996E0C-01EE-44E2-94AE-722113D68B44}
	EndGlobalSection
EndGlobal
